
Microsoft Visual Studio Solution File, Format Version 12.00
# Visual Studio 15
VisualStudioVersion = 15.0.27004.2005
MinimumVisualStudioVersion = 10.0.40219.1
Project("{FAE04EC0-301F-11D3-BF4B-00C04F79EFBC}") = "Practica8.Android", "Practica8\Practica8.Android\Practica8.Android.csproj", "{14F4C662-396D-4B07-AB0F-061182F86874}"
EndProject
Project("{FAE04EC0-301F-11D3-BF4B-00C04F79EFBC}") = "Practica8", "Practica8\Practica8\Practica8.csproj", "{450626D4-174F-4273-A078-1CA8680BDACA}"
EndProject
Project("{FAE04EC0-301F-11D3-BF4B-00C04F79EFBC}") = "Practica8.UWP", "Practica8\Practica8.UWP\Practica8.UWP.csproj", "{A0753FFE-A1F9-4FED-B48E-E527943D2F77}"
EndProject
Project("{FAE04EC0-301F-11D3-BF4B-00C04F79EFBC}") = "Practica8.iOS", "Practica8\Practica8.iOS\Practica8.iOS.csproj", "{EAF86645-1AB9-40EF-A2A7-08EA196CFE75}"
EndProject
Global
	GlobalSection(SolutionConfigurationPlatforms) = preSolution
		Ad-Hoc|Any CPU = Ad-Hoc|Any CPU
		Ad-Hoc|ARM = Ad-Hoc|ARM
		Ad-Hoc|iPhone = Ad-Hoc|iPhone
		Ad-Hoc|iPhoneSimulator = Ad-Hoc|iPhoneSimulator
		Ad-Hoc|x64 = Ad-Hoc|x64
		Ad-Hoc|x86 = Ad-Hoc|x86
		AppStore|Any CPU = AppStore|Any CPU
		AppStore|ARM = AppStore|ARM
		AppStore|iPhone = AppStore|iPhone
		AppStore|iPhoneSimulator = AppStore|iPhoneSimulator
		AppStore|x64 = AppStore|x64
		AppStore|x86 = AppStore|x86
		Debug|Any CPU = Debug|Any CPU
		Debug|ARM = Debug|ARM
		Debug|iPhone = Debug|iPhone
		Debug|iPhoneSimulator = Debug|iPhoneSimulator
		Debug|x64 = Debug|x64
		Debug|x86 = Debug|x86
		Release|Any CPU = Release|Any CPU
		Release|ARM = Release|ARM
		Release|iPhone = Release|iPhone
		Release|iPhoneSimulator = Release|iPhoneSimulator
		Release|x64 = Release|x64
		Release|x86 = Release|x86
	EndGlobalSection
	GlobalSection(ProjectConfigurationPlatforms) = postSolution
		{14F4C662-396D-4B07-AB0F-061182F86874}.Ad-Hoc|Any CPU.ActiveCfg = Release|Any CPU
		{14F4C662-396D-4B07-AB0F-061182F86874}.Ad-Hoc|Any CPU.Build.0 = Release|Any CPU
		{14F4C662-396D-4B07-AB0F-061182F86874}.Ad-Hoc|Any CPU.Deploy.0 = Release|Any CPU
		{14F4C662-396D-4B07-AB0F-061182F86874}.Ad-Hoc|ARM.ActiveCfg = Release|Any CPU
		{14F4C662-396D-4B07-AB0F-061182F86874}.Ad-Hoc|ARM.Build.0 = Release|Any CPU
		{14F4C662-396D-4B07-AB0F-061182F86874}.Ad-Hoc|ARM.Deploy.0 = Release|Any CPU
		{14F4C662-396D-4B07-AB0F-061182F86874}.Ad-Hoc|iPhone.ActiveCfg = Release|Any CPU
		{14F4C662-396D-4B07-AB0F-061182F86874}.Ad-Hoc|iPhone.Build.0 = Release|Any CPU
		{14F4C662-396D-4B07-AB0F-061182F86874}.Ad-Hoc|iPhone.Deploy.0 = Release|Any CPU
		{14F4C662-396D-4B07-AB0F-061182F86874}.Ad-Hoc|iPhoneSimulator.ActiveCfg = Release|Any CPU
		{14F4C662-396D-4B07-AB0F-061182F86874}.Ad-Hoc|iPhoneSimulator.Build.0 = Release|Any CPU
		{14F4C662-396D-4B07-AB0F-061182F86874}.Ad-Hoc|iPhoneSimulator.Deploy.0 = Release|Any CPU
		{14F4C662-396D-4B07-AB0F-061182F86874}.Ad-Hoc|x64.ActiveCfg = Release|Any CPU
		{14F4C662-396D-4B07-AB0F-061182F86874}.Ad-Hoc|x64.Build.0 = Release|Any CPU
		{14F4C662-396D-4B07-AB0F-061182F86874}.Ad-Hoc|x64.Deploy.0 = Release|Any CPU
		{14F4C662-396D-4B07-AB0F-061182F86874}.Ad-Hoc|x86.ActiveCfg = Release|Any CPU
		{14F4C662-396D-4B07-AB0F-061182F86874}.Ad-Hoc|x86.Build.0 = Release|Any CPU
		{14F4C662-396D-4B07-AB0F-061182F86874}.Ad-Hoc|x86.Deploy.0 = Release|Any CPU
		{14F4C662-396D-4B07-AB0F-061182F86874}.AppStore|Any CPU.ActiveCfg = Release|Any CPU
		{14F4C662-396D-4B07-AB0F-061182F86874}.AppStore|Any CPU.Build.0 = Release|Any CPU
		{14F4C662-396D-4B07-AB0F-061182F86874}.AppStore|Any CPU.Deploy.0 = Release|Any CPU
		{14F4C662-396D-4B07-AB0F-061182F86874}.AppStore|ARM.ActiveCfg = Release|Any CPU
		{14F4C662-396D-4B07-AB0F-061182F86874}.AppStore|ARM.Build.0 = Release|Any CPU
		{14F4C662-396D-4B07-AB0F-061182F86874}.AppStore|ARM.Deploy.0 = Release|Any CPU
		{14F4C662-396D-4B07-AB0F-061182F86874}.AppStore|iPhone.ActiveCfg = Release|Any CPU
		{14F4C662-396D-4B07-AB0F-061182F86874}.AppStore|iPhone.Build.0 = Release|Any CPU
		{14F4C662-396D-4B07-AB0F-061182F86874}.AppStore|iPhone.Deploy.0 = Release|Any CPU
		{14F4C662-396D-4B07-AB0F-061182F86874}.AppStore|iPhoneSimulator.ActiveCfg = Release|Any CPU
		{14F4C662-396D-4B07-AB0F-061182F86874}.AppStore|iPhoneSimulator.Build.0 = Release|Any CPU
		{14F4C662-396D-4B07-AB0F-061182F86874}.AppStore|iPhoneSimulator.Deploy.0 = Release|Any CPU
		{14F4C662-396D-4B07-AB0F-061182F86874}.AppStore|x64.ActiveCfg = Release|Any CPU
		{14F4C662-396D-4B07-AB0F-061182F86874}.AppStore|x64.Build.0 = Release|Any CPU
		{14F4C662-396D-4B07-AB0F-061182F86874}.AppStore|x64.Deploy.0 = Release|Any CPU
		{14F4C662-396D-4B07-AB0F-061182F86874}.AppStore|x86.ActiveCfg = Release|Any CPU
		{14F4C662-396D-4B07-AB0F-061182F86874}.AppStore|x86.Build.0 = Release|Any CPU
		{14F4C662-396D-4B07-AB0F-061182F86874}.AppStore|x86.Deploy.0 = Release|Any CPU
		{14F4C662-396D-4B07-AB0F-061182F86874}.Debug|Any CPU.ActiveCfg = Debug|Any CPU
		{14F4C662-396D-4B07-AB0F-061182F86874}.Debug|Any CPU.Build.0 = Debug|Any CPU
		{14F4C662-396D-4B07-AB0F-061182F86874}.Debug|Any CPU.Deploy.0 = Debug|Any CPU
		{14F4C662-396D-4B07-AB0F-061182F86874}.Debug|ARM.ActiveCfg = Debug|Any CPU
		{14F4C662-396D-4B07-AB0F-061182F86874}.Debug|ARM.Build.0 = Debug|Any CPU
		{14F4C662-396D-4B07-AB0F-061182F86874}.Debug|ARM.Deploy.0 = Debug|Any CPU
		{14F4C662-396D-4B07-AB0F-061182F86874}.Debug|iPhone.ActiveCfg = Debug|Any CPU
		{14F4C662-396D-4B07-AB0F-061182F86874}.Debug|iPhone.Build.0 = Debug|Any CPU
		{14F4C662-396D-4B07-AB0F-061182F86874}.Debug|iPhone.Deploy.0 = Debug|Any CPU
		{14F4C662-396D-4B07-AB0F-061182F86874}.Debug|iPhoneSimulator.ActiveCfg = Debug|Any CPU
		{14F4C662-396D-4B07-AB0F-061182F86874}.Debug|iPhoneSimulator.Build.0 = Debug|Any CPU
		{14F4C662-396D-4B07-AB0F-061182F86874}.Debug|iPhoneSimulator.Deploy.0 = Debug|Any CPU
		{14F4C662-396D-4B07-AB0F-061182F86874}.Debug|x64.ActiveCfg = Debug|Any CPU
		{14F4C662-396D-4B07-AB0F-061182F86874}.Debug|x64.Build.0 = Debug|Any CPU
		{14F4C662-396D-4B07-AB0F-061182F86874}.Debug|x64.Deploy.0 = Debug|Any CPU
		{14F4C662-396D-4B07-AB0F-061182F86874}.Debug|x86.ActiveCfg = Debug|Any CPU
		{14F4C662-396D-4B07-AB0F-061182F86874}.Debug|x86.Build.0 = Debug|Any CPU
		{14F4C662-396D-4B07-AB0F-061182F86874}.Debug|x86.Deploy.0 = Debug|Any CPU
		{14F4C662-396D-4B07-AB0F-061182F86874}.Release|Any CPU.ActiveCfg = Release|Any CPU
		{14F4C662-396D-4B07-AB0F-061182F86874}.Release|Any CPU.Build.0 = Release|Any CPU
		{14F4C662-396D-4B07-AB0F-061182F86874}.Release|Any CPU.Deploy.0 = Release|Any CPU
		{14F4C662-396D-4B07-AB0F-061182F86874}.Release|ARM.ActiveCfg = Release|Any CPU
		{14F4C662-396D-4B07-AB0F-061182F86874}.Release|ARM.Build.0 = Release|Any CPU
		{14F4C662-396D-4B07-AB0F-061182F86874}.Release|ARM.Deploy.0 = Release|Any CPU
		{14F4C662-396D-4B07-AB0F-061182F86874}.Release|iPhone.ActiveCfg = Release|Any CPU
		{14F4C662-396D-4B07-AB0F-061182F86874}.Release|iPhone.Build.0 = Release|Any CPU
		{14F4C662-396D-4B07-AB0F-061182F86874}.Release|iPhone.Deploy.0 = Release|Any CPU
		{14F4C662-396D-4B07-AB0F-061182F86874}.Release|iPhoneSimulator.ActiveCfg = Release|Any CPU
		{14F4C662-396D-4B07-AB0F-061182F86874}.Release|iPhoneSimulator.Build.0 = Release|Any CPU
		{14F4C662-396D-4B07-AB0F-061182F86874}.Release|iPhoneSimulator.Deploy.0 = Release|Any CPU
		{14F4C662-396D-4B07-AB0F-061182F86874}.Release|x64.ActiveCfg = Release|Any CPU
		{14F4C662-396D-4B07-AB0F-061182F86874}.Release|x64.Build.0 = Release|Any CPU
		{14F4C662-396D-4B07-AB0F-061182F86874}.Release|x64.Deploy.0 = Release|Any CPU
		{14F4C662-396D-4B07-AB0F-061182F86874}.Release|x86.ActiveCfg = Release|Any CPU
		{14F4C662-396D-4B07-AB0F-061182F86874}.Release|x86.Build.0 = Release|Any CPU
		{14F4C662-396D-4B07-AB0F-061182F86874}.Release|x86.Deploy.0 = Release|Any CPU
		{450626D4-174F-4273-A078-1CA8680BDACA}.Ad-Hoc|Any CPU.ActiveCfg = Release|Any CPU
		{450626D4-174F-4273-A078-1CA8680BDACA}.Ad-Hoc|Any CPU.Build.0 = Release|Any CPU
		{450626D4-174F-4273-A078-1CA8680BDACA}.Ad-Hoc|ARM.ActiveCfg = Release|Any CPU
		{450626D4-174F-4273-A078-1CA8680BDACA}.Ad-Hoc|ARM.Build.0 = Release|Any CPU
		{450626D4-174F-4273-A078-1CA8680BDACA}.Ad-Hoc|iPhone.ActiveCfg = Release|Any CPU
		{450626D4-174F-4273-A078-1CA8680BDACA}.Ad-Hoc|iPhone.Build.0 = Release|Any CPU
		{450626D4-174F-4273-A078-1CA8680BDACA}.Ad-Hoc|iPhoneSimulator.ActiveCfg = Release|Any CPU
		{450626D4-174F-4273-A078-1CA8680BDACA}.Ad-Hoc|iPhoneSimulator.Build.0 = Release|Any CPU
		{450626D4-174F-4273-A078-1CA8680BDACA}.Ad-Hoc|x64.ActiveCfg = Release|Any CPU
		{450626D4-174F-4273-A078-1CA8680BDACA}.Ad-Hoc|x64.Build.0 = Release|Any CPU
		{450626D4-174F-4273-A078-1CA8680BDACA}.Ad-Hoc|x86.ActiveCfg = Release|Any CPU
		{450626D4-174F-4273-A078-1CA8680BDACA}.Ad-Hoc|x86.Build.0 = Release|Any CPU
		{450626D4-174F-4273-A078-1CA8680BDACA}.AppStore|Any CPU.ActiveCfg = Release|Any CPU
		{450626D4-174F-4273-A078-1CA8680BDACA}.AppStore|Any CPU.Build.0 = Release|Any CPU
		{450626D4-174F-4273-A078-1CA8680BDACA}.AppStore|ARM.ActiveCfg = Release|Any CPU
		{450626D4-174F-4273-A078-1CA8680BDACA}.AppStore|ARM.Build.0 = Release|Any CPU
		{450626D4-174F-4273-A078-1CA8680BDACA}.AppStore|iPhone.ActiveCfg = Release|Any CPU
		{450626D4-174F-4273-A078-1CA8680BDACA}.AppStore|iPhone.Build.0 = Release|Any CPU
		{450626D4-174F-4273-A078-1CA8680BDACA}.AppStore|iPhoneSimulator.ActiveCfg = Release|Any CPU
		{450626D4-174F-4273-A078-1CA8680BDACA}.AppStore|iPhoneSimulator.Build.0 = Release|Any CPU
		{450626D4-174F-4273-A078-1CA8680BDACA}.AppStore|x64.ActiveCfg = Release|Any CPU
		{450626D4-174F-4273-A078-1CA8680BDACA}.AppStore|x64.Build.0 = Release|Any CPU
		{450626D4-174F-4273-A078-1CA8680BDACA}.AppStore|x86.ActiveCfg = Release|Any CPU
		{450626D4-174F-4273-A078-1CA8680BDACA}.AppStore|x86.Build.0 = Release|Any CPU
		{450626D4-174F-4273-A078-1CA8680BDACA}.Debug|Any CPU.ActiveCfg = Debug|Any CPU
		{450626D4-174F-4273-A078-1CA8680BDACA}.Debug|Any CPU.Build.0 = Debug|Any CPU
		{450626D4-174F-4273-A078-1CA8680BDACA}.Debug|ARM.ActiveCfg = Debug|Any CPU
		{450626D4-174F-4273-A078-1CA8680BDACA}.Debug|ARM.Build.0 = Debug|Any CPU
		{450626D4-174F-4273-A078-1CA8680BDACA}.Debug|iPhone.ActiveCfg = Debug|Any CPU
		{450626D4-174F-4273-A078-1CA8680BDACA}.Debug|iPhone.Build.0 = Debug|Any CPU
		{450626D4-174F-4273-A078-1CA8680BDACA}.Debug|iPhoneSimulator.ActiveCfg = Debug|Any CPU
		{450626D4-174F-4273-A078-1CA8680BDACA}.Debug|iPhoneSimulator.Build.0 = Debug|Any CPU
		{450626D4-174F-4273-A078-1CA8680BDACA}.Debug|x64.ActiveCfg = Debug|Any CPU
		{450626D4-174F-4273-A078-1CA8680BDACA}.Debug|x64.Build.0 = Debug|Any CPU
		{450626D4-174F-4273-A078-1CA8680BDACA}.Debug|x86.ActiveCfg = Debug|Any CPU
		{450626D4-174F-4273-A078-1CA8680BDACA}.Debug|x86.Build.0 = Debug|Any CPU
		{450626D4-174F-4273-A078-1CA8680BDACA}.Release|Any CPU.ActiveCfg = Release|Any CPU
		{450626D4-174F-4273-A078-1CA8680BDACA}.Release|Any CPU.Build.0 = Release|Any CPU
		{450626D4-174F-4273-A078-1CA8680BDACA}.Release|ARM.ActiveCfg = Release|Any CPU
		{450626D4-174F-4273-A078-1CA8680BDACA}.Release|ARM.Build.0 = Release|Any CPU
		{450626D4-174F-4273-A078-1CA8680BDACA}.Release|iPhone.ActiveCfg = Release|Any CPU
		{450626D4-174F-4273-A078-1CA8680BDACA}.Release|iPhone.Build.0 = Release|Any CPU
		{450626D4-174F-4273-A078-1CA8680BDACA}.Release|iPhoneSimulator.ActiveCfg = Release|Any CPU
		{450626D4-174F-4273-A078-1CA8680BDACA}.Release|iPhoneSimulator.Build.0 = Release|Any CPU
		{450626D4-174F-4273-A078-1CA8680BDACA}.Release|x64.ActiveCfg = Release|Any CPU
		{450626D4-174F-4273-A078-1CA8680BDACA}.Release|x64.Build.0 = Release|Any CPU
		{450626D4-174F-4273-A078-1CA8680BDACA}.Release|x86.ActiveCfg = Release|Any CPU
		{450626D4-174F-4273-A078-1CA8680BDACA}.Release|x86.Build.0 = Release|Any CPU
		{A0753FFE-A1F9-4FED-B48E-E527943D2F77}.Ad-Hoc|Any CPU.ActiveCfg = Release|x86
		{A0753FFE-A1F9-4FED-B48E-E527943D2F77}.Ad-Hoc|Any CPU.Build.0 = Release|x86
		{A0753FFE-A1F9-4FED-B48E-E527943D2F77}.Ad-Hoc|Any CPU.Deploy.0 = Release|x86
		{A0753FFE-A1F9-4FED-B48E-E527943D2F77}.Ad-Hoc|ARM.ActiveCfg = Release|ARM
		{A0753FFE-A1F9-4FED-B48E-E527943D2F77}.Ad-Hoc|ARM.Build.0 = Release|ARM
		{A0753FFE-A1F9-4FED-B48E-E527943D2F77}.Ad-Hoc|ARM.Deploy.0 = Release|ARM
		{A0753FFE-A1F9-4FED-B48E-E527943D2F77}.Ad-Hoc|iPhone.ActiveCfg = Release|x86
		{A0753FFE-A1F9-4FED-B48E-E527943D2F77}.Ad-Hoc|iPhone.Build.0 = Release|x86
		{A0753FFE-A1F9-4FED-B48E-E527943D2F77}.Ad-Hoc|iPhone.Deploy.0 = Release|x86
		{A0753FFE-A1F9-4FED-B48E-E527943D2F77}.Ad-Hoc|iPhoneSimulator.ActiveCfg = Release|x86
		{A0753FFE-A1F9-4FED-B48E-E527943D2F77}.Ad-Hoc|iPhoneSimulator.Build.0 = Release|x86
		{A0753FFE-A1F9-4FED-B48E-E527943D2F77}.Ad-Hoc|iPhoneSimulator.Deploy.0 = Release|x86
		{A0753FFE-A1F9-4FED-B48E-E527943D2F77}.Ad-Hoc|x64.ActiveCfg = Release|x64
		{A0753FFE-A1F9-4FED-B48E-E527943D2F77}.Ad-Hoc|x64.Build.0 = Release|x64
		{A0753FFE-A1F9-4FED-B48E-E527943D2F77}.Ad-Hoc|x64.Deploy.0 = Release|x64
		{A0753FFE-A1F9-4FED-B48E-E527943D2F77}.Ad-Hoc|x86.ActiveCfg = Release|x86
		{A0753FFE-A1F9-4FED-B48E-E527943D2F77}.Ad-Hoc|x86.Build.0 = Release|x86
		{A0753FFE-A1F9-4FED-B48E-E527943D2F77}.Ad-Hoc|x86.Deploy.0 = Release|x86
		{A0753FFE-A1F9-4FED-B48E-E527943D2F77}.AppStore|Any CPU.ActiveCfg = Release|x86
		{A0753FFE-A1F9-4FED-B48E-E527943D2F77}.AppStore|Any CPU.Build.0 = Release|x86
		{A0753FFE-A1F9-4FED-B48E-E527943D2F77}.AppStore|Any CPU.Deploy.0 = Release|x86
		{A0753FFE-A1F9-4FED-B48E-E527943D2F77}.AppStore|ARM.ActiveCfg = Release|ARM
		{A0753FFE-A1F9-4FED-B48E-E527943D2F77}.AppStore|ARM.Build.0 = Release|ARM
		{A0753FFE-A1F9-4FED-B48E-E527943D2F77}.AppStore|ARM.Deploy.0 = Release|ARM
		{A0753FFE-A1F9-4FED-B48E-E527943D2F77}.AppStore|iPhone.ActiveCfg = Release|x86
		{A0753FFE-A1F9-4FED-B48E-E527943D2F77}.AppStore|iPhone.Build.0 = Release|x86
		{A0753FFE-A1F9-4FED-B48E-E527943D2F77}.AppStore|iPhone.Deploy.0 = Release|x86
		{A0753FFE-A1F9-4FED-B48E-E527943D2F77}.AppStore|iPhoneSimulator.ActiveCfg = Release|x86
		{A0753FFE-A1F9-4FED-B48E-E527943D2F77}.AppStore|iPhoneSimulator.Build.0 = Release|x86
		{A0753FFE-A1F9-4FED-B48E-E527943D2F77}.AppStore|iPhoneSimulator.Deploy.0 = Release|x86
		{A0753FFE-A1F9-4FED-B48E-E527943D2F77}.AppStore|x64.ActiveCfg = Release|x64
		{A0753FFE-A1F9-4FED-B48E-E527943D2F77}.AppStore|x64.Build.0 = Release|x64
		{A0753FFE-A1F9-4FED-B48E-E527943D2F77}.AppStore|x64.Deploy.0 = Release|x64
		{A0753FFE-A1F9-4FED-B48E-E527943D2F77}.AppStore|x86.ActiveCfg = Release|x86
		{A0753FFE-A1F9-4FED-B48E-E527943D2F77}.AppStore|x86.Build.0 = Release|x86
		{A0753FFE-A1F9-4FED-B48E-E527943D2F77}.AppStore|x86.Deploy.0 = Release|x86
		{A0753FFE-A1F9-4FED-B48E-E527943D2F77}.Debug|Any CPU.ActiveCfg = Debug|x86
		{A0753FFE-A1F9-4FED-B48E-E527943D2F77}.Debug|ARM.ActiveCfg = Debug|ARM
		{A0753FFE-A1F9-4FED-B48E-E527943D2F77}.Debug|ARM.Build.0 = Debug|ARM
		{A0753FFE-A1F9-4FED-B48E-E527943D2F77}.Debug|ARM.Deploy.0 = Debug|ARM
		{A0753FFE-A1F9-4FED-B48E-E527943D2F77}.Debug|iPhone.ActiveCfg = Debug|x86
		{A0753FFE-A1F9-4FED-B48E-E527943D2F77}.Debug|iPhoneSimulator.ActiveCfg = Debug|x86
		{A0753FFE-A1F9-4FED-B48E-E527943D2F77}.Debug|x64.ActiveCfg = Debug|x64
		{A0753FFE-A1F9-4FED-B48E-E527943D2F77}.Debug|x64.Build.0 = Debug|x64
		{A0753FFE-A1F9-4FED-B48E-E527943D2F77}.Debug|x64.Deploy.0 = Debug|x64
		{A0753FFE-A1F9-4FED-B48E-E527943D2F77}.Debug|x86.ActiveCfg = Debug|x86
		{A0753FFE-A1F9-4FED-B48E-E527943D2F77}.Debug|x86.Build.0 = Debug|x86
		{A0753FFE-A1F9-4FED-B48E-E527943D2F77}.Debug|x86.Deploy.0 = Debug|x86
		{A0753FFE-A1F9-4FED-B48E-E527943D2F77}.Release|Any CPU.ActiveCfg = Release|x86
		{A0753FFE-A1F9-4FED-B48E-E527943D2F77}.Release|ARM.ActiveCfg = Release|ARM
		{A0753FFE-A1F9-4FED-B48E-E527943D2F77}.Release|ARM.Build.0 = Release|ARM
		{A0753FFE-A1F9-4FED-B48E-E527943D2F77}.Release|ARM.Deploy.0 = Release|ARM
		{A0753FFE-A1F9-4FED-B48E-E527943D2F77}.Release|iPhone.ActiveCfg = Release|x86
		{A0753FFE-A1F9-4FED-B48E-E527943D2F77}.Release|iPhoneSimulator.ActiveCfg = Release|x86
		{A0753FFE-A1F9-4FED-B48E-E527943D2F77}.Release|x64.ActiveCfg = Release|x64
		{A0753FFE-A1F9-4FED-B48E-E527943D2F77}.Release|x64.Build.0 = Release|x64
		{A0753FFE-A1F9-4FED-B48E-E527943D2F77}.Release|x64.Deploy.0 = Release|x64
		{A0753FFE-A1F9-4FED-B48E-E527943D2F77}.Release|x86.ActiveCfg = Release|x86
		{A0753FFE-A1F9-4FED-B48E-E527943D2F77}.Release|x86.Build.0 = Release|x86
		{A0753FFE-A1F9-4FED-B48E-E527943D2F77}.Release|x86.Deploy.0 = Release|x86
		{EAF86645-1AB9-40EF-A2A7-08EA196CFE75}.Ad-Hoc|Any CPU.ActiveCfg = Ad-Hoc|iPhoneSimulator
		{EAF86645-1AB9-40EF-A2A7-08EA196CFE75}.Ad-Hoc|ARM.ActiveCfg = Ad-Hoc|iPhone
		{EAF86645-1AB9-40EF-A2A7-08EA196CFE75}.Ad-Hoc|iPhone.ActiveCfg = Ad-Hoc|iPhone
		{EAF86645-1AB9-40EF-A2A7-08EA196CFE75}.Ad-Hoc|iPhone.Build.0 = Ad-Hoc|iPhone
		{EAF86645-1AB9-40EF-A2A7-08EA196CFE75}.Ad-Hoc|iPhoneSimulator.ActiveCfg = Ad-Hoc|iPhoneSimulator
		{EAF86645-1AB9-40EF-A2A7-08EA196CFE75}.Ad-Hoc|iPhoneSimulator.Build.0 = Ad-Hoc|iPhoneSimulator
		{EAF86645-1AB9-40EF-A2A7-08EA196CFE75}.Ad-Hoc|x64.ActiveCfg = Ad-Hoc|iPhone
		{EAF86645-1AB9-40EF-A2A7-08EA196CFE75}.Ad-Hoc|x86.ActiveCfg = Ad-Hoc|iPhone
		{EAF86645-1AB9-40EF-A2A7-08EA196CFE75}.AppStore|Any CPU.ActiveCfg = AppStore|iPhoneSimulator
		{EAF86645-1AB9-40EF-A2A7-08EA196CFE75}.AppStore|ARM.ActiveCfg = AppStore|iPhone
		{EAF86645-1AB9-40EF-A2A7-08EA196CFE75}.AppStore|iPhone.ActiveCfg = AppStore|iPhone
		{EAF86645-1AB9-40EF-A2A7-08EA196CFE75}.AppStore|iPhone.Build.0 = AppStore|iPhone
		{EAF86645-1AB9-40EF-A2A7-08EA196CFE75}.AppStore|iPhoneSimulator.ActiveCfg = AppStore|iPhoneSimulator
		{EAF86645-1AB9-40EF-A2A7-08EA196CFE75}.AppStore|iPhoneSimulator.Build.0 = AppStore|iPhoneSimulator
		{EAF86645-1AB9-40EF-A2A7-08EA196CFE75}.AppStore|x64.ActiveCfg = AppStore|iPhone
		{EAF86645-1AB9-40EF-A2A7-08EA196CFE75}.AppStore|x86.ActiveCfg = AppStore|iPhone
		{EAF86645-1AB9-40EF-A2A7-08EA196CFE75}.Debug|Any CPU.ActiveCfg = Debug|iPhoneSimulator
		{EAF86645-1AB9-40EF-A2A7-08EA196CFE75}.Debug|ARM.ActiveCfg = Debug|iPhone
		{EAF86645-1AB9-40EF-A2A7-08EA196CFE75}.Debug|iPhone.ActiveCfg = Debug|iPhone
		{EAF86645-1AB9-40EF-A2A7-08EA196CFE75}.Debug|iPhone.Build.0 = Debug|iPhone
		{EAF86645-1AB9-40EF-A2A7-08EA196CFE75}.Debug|iPhoneSimulator.ActiveCfg = Debug|iPhoneSimulator
		{EAF86645-1AB9-40EF-A2A7-08EA196CFE75}.Debug|iPhoneSimulator.Build.0 = Debug|iPhoneSimulator
		{EAF86645-1AB9-40EF-A2A7-08EA196CFE75}.Debug|x64.ActiveCfg = Debug|iPhone
		{EAF86645-1AB9-40EF-A2A7-08EA196CFE75}.Debug|x86.ActiveCfg = Debug|iPhone
		{EAF86645-1AB9-40EF-A2A7-08EA196CFE75}.Release|Any CPU.ActiveCfg = Release|iPhoneSimulator
		{EAF86645-1AB9-40EF-A2A7-08EA196CFE75}.Release|ARM.ActiveCfg = Release|iPhone
		{EAF86645-1AB9-40EF-A2A7-08EA196CFE75}.Release|iPhone.ActiveCfg = Release|iPhone
		{EAF86645-1AB9-40EF-A2A7-08EA196CFE75}.Release|iPhone.Build.0 = Release|iPhone
		{EAF86645-1AB9-40EF-A2A7-08EA196CFE75}.Release|iPhoneSimulator.ActiveCfg = Release|iPhoneSimulator
		{EAF86645-1AB9-40EF-A2A7-08EA196CFE75}.Release|iPhoneSimulator.Build.0 = Release|iPhoneSimulator
		{EAF86645-1AB9-40EF-A2A7-08EA196CFE75}.Release|x64.ActiveCfg = Release|iPhone
		{EAF86645-1AB9-40EF-A2A7-08EA196CFE75}.Release|x86.ActiveCfg = Release|iPhone
	EndGlobalSection
	GlobalSection(SolutionProperties) = preSolution
		HideSolutionNode = FALSE
	EndGlobalSection
	GlobalSection(ExtensibilityGlobals) = postSolution
		SolutionGuid = {CE25D212-3AE6-456B-98A7-A43A5F249A52}
	EndGlobalSection
EndGlobal
